
Microsoft Visual Studio Solution File, Format Version 12.00
# Visual Studio 15
VisualStudioVersion = 15.0.27130.2026
MinimumVisualStudioVersion = 10.0.40219.1
Project("{9092AA53-FB77-4645-B42D-1CCCA6BD08BD}") = "RaspNodejsServer", "RaspNodejsServer\RaspNodejsServer.njsproj", "{59454D2B-5A03-4098-BDDF-9A1151417EE1}"
EndProject
Global
	GlobalSection(SolutionConfigurationPlatforms) = preSolution
		Debug|Any CPU = Debug|Any CPU
		Release|Any CPU = Release|Any CPU
	EndGlobalSection
	GlobalSection(ProjectConfigurationPlatforms) = postSolution
		{59454D2B-5A03-4098-BDDF-9A1151417EE1}.Debug|Any CPU.ActiveCfg = Debug|Any CPU
		{59454D2B-5A03-4098-BDDF-9A1151417EE1}.Debug|Any CPU.Build.0 = Debug|Any CPU
		{59454D2B-5A03-4098-BDDF-9A1151417EE1}.Release|Any CPU.ActiveCfg = Release|Any CPU
		{59454D2B-5A03-4098-BDDF-9A1151417EE1}.Release|Any CPU.Build.0 = Release|Any CPU
	EndGlobalSection
	GlobalSection(SolutionProperties) = preSolution
		HideSolutionNode = FALSE
	EndGlobalSection
	GlobalSection(ExtensibilityGlobals) = postSolution
		SolutionGuid = {1AC54BDE-C95A-4A3A-9D52-47C0E0874658}
	EndGlobalSection
EndGlobal
